
Microsoft Visual Studio Solution File, Format Version 12.00
# Visual Studio Version 16
VisualStudioVersion = 16.0.31321.278
MinimumVisualStudioVersion = 10.0.40219.1
Project("{8BC9CEB8-8B4A-11D0-8D11-00A0C91BC942}") = "option_price", "option_price.vcxproj", "{4C3CE505-44DA-4715-9F58-77446B592CDB}"
EndProject
Project("{888888A0-9F3D-457C-B088-3A5042F75D52}") = "option_price_py", "..\option_price_py\option_price_py.pyproj", "{FB32E477-81D9-464A-8A2B-989A15565848}"
EndProject
Global
	GlobalSection(SolutionConfigurationPlatforms) = preSolution
		Debug|Any CPU = Debug|Any CPU
		Debug|x64 = Debug|x64
		Debug|x86 = Debug|x86
		Release|Any CPU = Release|Any CPU
		Release|x64 = Release|x64
		Release|x86 = Release|x86
	EndGlobalSection
	GlobalSection(ProjectConfigurationPlatforms) = postSolution
		{4C3CE505-44DA-4715-9F58-77446B592CDB}.Debug|Any CPU.ActiveCfg = Debug|Win32
		{4C3CE505-44DA-4715-9F58-77446B592CDB}.Debug|x64.ActiveCfg = Debug|x64
		{4C3CE505-44DA-4715-9F58-77446B592CDB}.Debug|x64.Build.0 = Debug|x64
		{4C3CE505-44DA-4715-9F58-77446B592CDB}.Debug|x86.ActiveCfg = Debug|Win32
		{4C3CE505-44DA-4715-9F58-77446B592CDB}.Debug|x86.Build.0 = Debug|Win32
		{4C3CE505-44DA-4715-9F58-77446B592CDB}.Release|Any CPU.ActiveCfg = Release|Win32
		{4C3CE505-44DA-4715-9F58-77446B592CDB}.Release|x64.ActiveCfg = Release|x64
		{4C3CE505-44DA-4715-9F58-77446B592CDB}.Release|x64.Build.0 = Release|x64
		{4C3CE505-44DA-4715-9F58-77446B592CDB}.Release|x86.ActiveCfg = Release|Win32
		{4C3CE505-44DA-4715-9F58-77446B592CDB}.Release|x86.Build.0 = Release|Win32
		{FB32E477-81D9-464A-8A2B-989A15565848}.Debug|Any CPU.ActiveCfg = Debug|Any CPU
		{FB32E477-81D9-464A-8A2B-989A15565848}.Debug|x64.ActiveCfg = Debug|Any CPU
		{FB32E477-81D9-464A-8A2B-989A15565848}.Debug|x86.ActiveCfg = Debug|Any CPU
		{FB32E477-81D9-464A-8A2B-989A15565848}.Release|Any CPU.ActiveCfg = Release|Any CPU
		{FB32E477-81D9-464A-8A2B-989A15565848}.Release|x64.ActiveCfg = Release|Any CPU
		{FB32E477-81D9-464A-8A2B-989A15565848}.Release|x86.ActiveCfg = Release|Any CPU
	EndGlobalSection
	GlobalSection(SolutionProperties) = preSolution
		HideSolutionNode = FALSE
	EndGlobalSection
	GlobalSection(ExtensibilityGlobals) = postSolution
		SolutionGuid = {9A8EF53D-18B1-4FC2-93DE-40807BE8A933}
	EndGlobalSection
EndGlobal
