<?xml version="1.0" encoding="utf-8"?>
<Project ToolsVersion="4.0" xmlns="http://schemas.microsoft.com/developer/msbuild/2003">
  <ItemGroup>
    <Filter Include="Source Files">
      <UniqueIdentifier>{4FC737F1-C7A5-4376-A066-2A32D752A2FF}</UniqueIdentifier>
      <Extensions>cpp;c;cc;cxx;c++;cppm;ixx;def;odl;idl;hpj;bat;asm;asmx</Extensions>
    </Filter>
    <Filter Include="Header Files">
      <UniqueIdentifier>{93995380-89BD-4b04-88EB-625FBE52EBFB}</UniqueIdentifier>
      <Extensions>h;hh;hpp;hxx;h++;hm;inl;inc;ipp;xsd</Extensions>
    </Filter>
    <Filter Include="Resource Files">
      <UniqueIdentifier>{67DA6AB6-F800-4c08-8B7A-83BB121AAD01}</UniqueIdentifier>
      <Extensions>rc;ico;cur;bmp;dlg;rc2;rct;bin;rgs;gif;jpg;jpeg;jpe;resx;tiff;tif;png;wav;mfcribbon-ms</Extensions>
    </Filter>
  </ItemGroup>
  <ItemGroup>
    <Image Include="newmat10\add_time.png">
      <Filter>Resource Files</Filter>
    </Image>
  </ItemGroup>
  <ItemGroup>
    <ClCompile Include="src\bandmat.cpp">
      <Filter>Source Files</Filter>
    </ClCompile>
    <ClCompile Include="src\cholesky.cpp">
      <Filter>Source Files</Filter>
    </ClCompile>
    <ClCompile Include="src\evalue.cpp">
      <Filter>Source Files</Filter>
    </ClCompile>
    <ClCompile Include="src\fft.cpp">
      <Filter>Source Files</Filter>
    </ClCompile>
    <ClCompile Include="src\hholder.cpp">
      <Filter>Source Files</Filter>
    </ClCompile>
    <ClCompile Include="src\jacobi.cpp">
      <Filter>Source Files</Filter>
    </ClCompile>
    <ClCompile Include="src\myexcept.cpp">
      <Filter>Source Files</Filter>
    </ClCompile>
    <ClCompile Include="src\newfft.cpp">
      <Filter>Source Files</Filter>
    </ClCompile>
    <ClCompile Include="src\newmat1.cpp">
      <Filter>Source Files</Filter>
    </ClCompile>
    <ClCompile Include="src\newmat2.cpp">
      <Filter>Source Files</Filter>
    </ClCompile>
    <ClCompile Include="src\newmat3.cpp">
      <Filter>Source Files</Filter>
    </ClCompile>
    <ClCompile Include="src\newmat4.cpp">
      <Filter>Source Files</Filter>
    </ClCompile>
    <ClCompile Include="src\newmat5.cpp">
      <Filter>Source Files</Filter>
    </ClCompile>
    <ClCompile Include="src\newmat6.cpp">
      <Filter>Source Files</Filter>
    </ClCompile>
    <ClCompile Include="src\newmat7.cpp">
      <Filter>Source Files</Filter>
    </ClCompile>
    <ClCompile Include="src\newmat8.cpp">
      <Filter>Source Files</Filter>
    </ClCompile>
    <ClCompile Include="src\newmat9.cpp">
      <Filter>Source Files</Filter>
    </ClCompile>
    <ClCompile Include="src\newmatex.cpp">
      <Filter>Source Files</Filter>
    </ClCompile>
    <ClCompile Include="src\newmatnl.cpp">
      <Filter>Source Files</Filter>
    </ClCompile>
    <ClCompile Include="src\newmatrm.cpp">
      <Filter>Source Files</Filter>
    </ClCompile>
    <ClCompile Include="src\solution.cpp">
      <Filter>Source Files</Filter>
    </ClCompile>
    <ClCompile Include="src\sort.cpp">
      <Filter>Source Files</Filter>
    </ClCompile>
    <ClCompile Include="src\submat.cpp">
      <Filter>Source Files</Filter>
    </ClCompile>
    <ClCompile Include="src\svd.cpp">
      <Filter>Source Files</Filter>
    </ClCompile>
    <ClCompile Include="src\trinom_DP.cpp">
      <Filter>Source Files</Filter>
    </ClCompile>
  </ItemGroup>
  <ItemGroup>
    <ClInclude Include="src\boolean.h">
      <Filter>Source Files</Filter>
    </ClInclude>
    <ClInclude Include="src\controlw.h">
      <Filter>Source Files</Filter>
    </ClInclude>
    <ClInclude Include="src\include.h">
      <Filter>Source Files</Filter>
    </ClInclude>
    <ClInclude Include="src\myexcept.h">
      <Filter>Source Files</Filter>
    </ClInclude>
    <ClInclude Include="src\newmat.h">
      <Filter>Source Files</Filter>
    </ClInclude>
    <ClInclude Include="src\newmatap.h">
      <Filter>Source Files</Filter>
    </ClInclude>
    <ClInclude Include="src\newmatio.h">
      <Filter>Source Files</Filter>
    </ClInclude>
    <ClInclude Include="src\newmatnl.h">
      <Filter>Source Files</Filter>
    </ClInclude>
    <ClInclude Include="src\newmatrc.h">
      <Filter>Source Files</Filter>
    </ClInclude>
    <ClInclude Include="src\newmatrm.h">
      <Filter>Source Files</Filter>
    </ClInclude>
    <ClInclude Include="src\normdist.h">
      <Filter>Source Files</Filter>
    </ClInclude>
    <ClInclude Include="src\precisio.h">
      <Filter>Source Files</Filter>
    </ClInclude>
    <ClInclude Include="src\solution.h">
      <Filter>Source Files</Filter>
    </ClInclude>
  </ItemGroup>
</Project>